
Microsoft Visual Studio Solution File, Format Version 12.00
# Visual Studio Version 17
VisualStudioVersion = 17.7.34024.191
MinimumVisualStudioVersion = 10.0.40219.1
Project("{FAE04EC0-301F-11D3-BF4B-00C04F79EFBC}") = "PE_HMFG", "PE_HMFG\PE_HMFG.csproj", "{6604B3C7-147B-4534-928F-55BDCD9D2FDF}"
EndProject
Global
	GlobalSection(SolutionConfigurationPlatforms) = preSolution
		Dbg|Any CPU = Dbg|Any CPU
		Debug|Any CPU = Debug|Any CPU
		Release|Any CPU = Release|Any CPU
	EndGlobalSection
	GlobalSection(ProjectConfigurationPlatforms) = postSolution
		{6604B3C7-147B-4534-928F-55BDCD9D2FDF}.Dbg|Any CPU.ActiveCfg = Dbg|Any CPU
		{6604B3C7-147B-4534-928F-55BDCD9D2FDF}.Dbg|Any CPU.Build.0 = Dbg|Any CPU
		{6604B3C7-147B-4534-928F-55BDCD9D2FDF}.Debug|Any CPU.ActiveCfg = Release|Any CPU
		{6604B3C7-147B-4534-928F-55BDCD9D2FDF}.Debug|Any CPU.Build.0 = Release|Any CPU
		{6604B3C7-147B-4534-928F-55BDCD9D2FDF}.Release|Any CPU.ActiveCfg = Release|Any CPU
	EndGlobalSection
	GlobalSection(SolutionProperties) = preSolution
		HideSolutionNode = FALSE
	EndGlobalSection
	GlobalSection(ExtensibilityGlobals) = postSolution
		SolutionGuid = {78B04C13-E9F9-4994-A6BD-CDF7D5B05305}
	EndGlobalSection
EndGlobal
